
Microsoft Visual Studio Solution File, Format Version 12.00
# Visual Studio Version 17
VisualStudioVersion = 17.8.34316.72
MinimumVisualStudioVersion = 10.0.40219.1
Project("{FAE04EC0-301F-11D3-BF4B-00C04F79EFBC}") = "EX_3_Shelkynov", "EX_3_Shelkynov\EX_3_Shelkynov.csproj", "{FBDAAB38-66A8-4EBD-8448-E5592820876C}"
EndProject
Global
	GlobalSection(SolutionConfigurationPlatforms) = preSolution
		Debug|Any CPU = Debug|Any CPU
		Release|Any CPU = Release|Any CPU
	EndGlobalSection
	GlobalSection(ProjectConfigurationPlatforms) = postSolution
		{FBDAAB38-66A8-4EBD-8448-E5592820876C}.Debug|Any CPU.ActiveCfg = Debug|Any CPU
		{FBDAAB38-66A8-4EBD-8448-E5592820876C}.Debug|Any CPU.Build.0 = Debug|Any CPU
		{FBDAAB38-66A8-4EBD-8448-E5592820876C}.Release|Any CPU.ActiveCfg = Release|Any CPU
		{FBDAAB38-66A8-4EBD-8448-E5592820876C}.Release|Any CPU.Build.0 = Release|Any CPU
	EndGlobalSection
	GlobalSection(SolutionProperties) = preSolution
		HideSolutionNode = FALSE
	EndGlobalSection
	GlobalSection(ExtensibilityGlobals) = postSolution
		SolutionGuid = {2D3756B3-6569-487D-B33A-A99C39D1A65E}
	EndGlobalSection
EndGlobal
