
Microsoft Visual Studio Solution File, Format Version 12.00
# Visual Studio Version 17
VisualStudioVersion = 17.8.34316.72
MinimumVisualStudioVersion = 10.0.40219.1
Project("{FAE04EC0-301F-11D3-BF4B-00C04F79EFBC}") = "EX_4_Shelkynov", "EX_4_Shelkynov\EX_4_Shelkynov.csproj", "{3EF0AF1E-0BF8-4609-BB5B-11A39D2C525A}"
EndProject
Global
	GlobalSection(SolutionConfigurationPlatforms) = preSolution
		Debug|Any CPU = Debug|Any CPU
		Release|Any CPU = Release|Any CPU
	EndGlobalSection
	GlobalSection(ProjectConfigurationPlatforms) = postSolution
		{3EF0AF1E-0BF8-4609-BB5B-11A39D2C525A}.Debug|Any CPU.ActiveCfg = Debug|Any CPU
		{3EF0AF1E-0BF8-4609-BB5B-11A39D2C525A}.Debug|Any CPU.Build.0 = Debug|Any CPU
		{3EF0AF1E-0BF8-4609-BB5B-11A39D2C525A}.Release|Any CPU.ActiveCfg = Release|Any CPU
		{3EF0AF1E-0BF8-4609-BB5B-11A39D2C525A}.Release|Any CPU.Build.0 = Release|Any CPU
	EndGlobalSection
	GlobalSection(SolutionProperties) = preSolution
		HideSolutionNode = FALSE
	EndGlobalSection
	GlobalSection(ExtensibilityGlobals) = postSolution
		SolutionGuid = {5D37AE1E-D739-4AE4-8360-D8444494F61D}
	EndGlobalSection
EndGlobal
