
Microsoft Visual Studio Solution File, Format Version 12.00
# Visual Studio Version 17
VisualStudioVersion = 17.8.34316.72
MinimumVisualStudioVersion = 10.0.40219.1
Project("{FAE04EC0-301F-11D3-BF4B-00C04F79EFBC}") = "EX_10_Shelkynov", "EX_10_Shelkynov\EX_10_Shelkynov.csproj", "{3D4B401C-F478-4B38-B372-FD1F0D76F628}"
EndProject
Global
	GlobalSection(SolutionConfigurationPlatforms) = preSolution
		Debug|Any CPU = Debug|Any CPU
		Release|Any CPU = Release|Any CPU
	EndGlobalSection
	GlobalSection(ProjectConfigurationPlatforms) = postSolution
		{3D4B401C-F478-4B38-B372-FD1F0D76F628}.Debug|Any CPU.ActiveCfg = Debug|Any CPU
		{3D4B401C-F478-4B38-B372-FD1F0D76F628}.Debug|Any CPU.Build.0 = Debug|Any CPU
		{3D4B401C-F478-4B38-B372-FD1F0D76F628}.Release|Any CPU.ActiveCfg = Release|Any CPU
		{3D4B401C-F478-4B38-B372-FD1F0D76F628}.Release|Any CPU.Build.0 = Release|Any CPU
	EndGlobalSection
	GlobalSection(SolutionProperties) = preSolution
		HideSolutionNode = FALSE
	EndGlobalSection
	GlobalSection(ExtensibilityGlobals) = postSolution
		SolutionGuid = {C3EEFA5E-0D3B-4A72-9028-66781DE80958}
	EndGlobalSection
EndGlobal
