
Microsoft Visual Studio Solution File, Format Version 12.00
# Visual Studio Version 17
VisualStudioVersion = 17.8.34316.72
MinimumVisualStudioVersion = 10.0.40219.1
Project("{FAE04EC0-301F-11D3-BF4B-00C04F79EFBC}") = "EX_1_Shelkynov", "EX_1_Shelkynov\EX_1_Shelkynov.csproj", "{4B886ADC-ADD7-40C6-B92C-43B8E120C28F}"
EndProject
Global
	GlobalSection(SolutionConfigurationPlatforms) = preSolution
		Debug|Any CPU = Debug|Any CPU
		Release|Any CPU = Release|Any CPU
	EndGlobalSection
	GlobalSection(ProjectConfigurationPlatforms) = postSolution
		{4B886ADC-ADD7-40C6-B92C-43B8E120C28F}.Debug|Any CPU.ActiveCfg = Debug|Any CPU
		{4B886ADC-ADD7-40C6-B92C-43B8E120C28F}.Debug|Any CPU.Build.0 = Debug|Any CPU
		{4B886ADC-ADD7-40C6-B92C-43B8E120C28F}.Release|Any CPU.ActiveCfg = Release|Any CPU
		{4B886ADC-ADD7-40C6-B92C-43B8E120C28F}.Release|Any CPU.Build.0 = Release|Any CPU
	EndGlobalSection
	GlobalSection(SolutionProperties) = preSolution
		HideSolutionNode = FALSE
	EndGlobalSection
	GlobalSection(ExtensibilityGlobals) = postSolution
		SolutionGuid = {921B5379-3A57-4138-B4A8-8BDE0E81B1C9}
	EndGlobalSection
EndGlobal
