
Microsoft Visual Studio Solution File, Format Version 12.00
# Visual Studio Version 17
VisualStudioVersion = 17.8.34316.72
MinimumVisualStudioVersion = 10.0.40219.1
Project("{FAE04EC0-301F-11D3-BF4B-00C04F79EFBC}") = "EX_7_Shelkynov", "EX_7_Shelkynov\EX_7_Shelkynov.csproj", "{56A4AC8C-42A5-4813-A036-99AFD34192D9}"
EndProject
Global
	GlobalSection(SolutionConfigurationPlatforms) = preSolution
		Debug|Any CPU = Debug|Any CPU
		Release|Any CPU = Release|Any CPU
	EndGlobalSection
	GlobalSection(ProjectConfigurationPlatforms) = postSolution
		{56A4AC8C-42A5-4813-A036-99AFD34192D9}.Debug|Any CPU.ActiveCfg = Debug|Any CPU
		{56A4AC8C-42A5-4813-A036-99AFD34192D9}.Debug|Any CPU.Build.0 = Debug|Any CPU
		{56A4AC8C-42A5-4813-A036-99AFD34192D9}.Release|Any CPU.ActiveCfg = Release|Any CPU
		{56A4AC8C-42A5-4813-A036-99AFD34192D9}.Release|Any CPU.Build.0 = Release|Any CPU
	EndGlobalSection
	GlobalSection(SolutionProperties) = preSolution
		HideSolutionNode = FALSE
	EndGlobalSection
	GlobalSection(ExtensibilityGlobals) = postSolution
		SolutionGuid = {6C43E09F-B6D7-4500-A3A4-08BFA4D34A56}
	EndGlobalSection
EndGlobal
